
Microsoft Visual Studio Solution File, Format Version 12.00
# Visual Studio Version 17
VisualStudioVersion = 17.12.35521.163
MinimumVisualStudioVersion = 10.0.40219.1
Project("{FAE04EC0-301F-11D3-BF4B-00C04F79EFBC}") = "CdCSharp.Generic", "src\CdCSharp.Generic\CdCSharp.Generic.csproj", "{7CD61C3E-FB61-416D-BC2D-EC6F4F2B11EB}"
EndProject
Project("{FAE04EC0-301F-11D3-BF4B-00C04F79EFBC}") = "CdCSharp.Generic.UnitTests", "test\CdCSharp.Generic.UnitTests\CdCSharp.Generic.UnitTests.csproj", "{D10BEDE8-82D6-4476-AD7E-81E2981CC2DF}"
EndProject
Global
	GlobalSection(SolutionConfigurationPlatforms) = preSolution
		Debug|Any CPU = Debug|Any CPU
		Release|Any CPU = Release|Any CPU
	EndGlobalSection
	GlobalSection(ProjectConfigurationPlatforms) = postSolution
		{7CD61C3E-FB61-416D-BC2D-EC6F4F2B11EB}.Debug|Any CPU.ActiveCfg = Debug|Any CPU
		{7CD61C3E-FB61-416D-BC2D-EC6F4F2B11EB}.Debug|Any CPU.Build.0 = Debug|Any CPU
		{7CD61C3E-FB61-416D-BC2D-EC6F4F2B11EB}.Release|Any CPU.ActiveCfg = Release|Any CPU
		{7CD61C3E-FB61-416D-BC2D-EC6F4F2B11EB}.Release|Any CPU.Build.0 = Release|Any CPU
		{D10BEDE8-82D6-4476-AD7E-81E2981CC2DF}.Debug|Any CPU.ActiveCfg = Debug|Any CPU
		{D10BEDE8-82D6-4476-AD7E-81E2981CC2DF}.Debug|Any CPU.Build.0 = Debug|Any CPU
		{D10BEDE8-82D6-4476-AD7E-81E2981CC2DF}.Release|Any CPU.ActiveCfg = Release|Any CPU
		{D10BEDE8-82D6-4476-AD7E-81E2981CC2DF}.Release|Any CPU.Build.0 = Release|Any CPU
	EndGlobalSection
	GlobalSection(SolutionProperties) = preSolution
		HideSolutionNode = FALSE
	EndGlobalSection
EndGlobal
